
Microsoft Visual Studio Solution File, Format Version 12.00
# Visual Studio Version 17
VisualStudioVersion = 17.12.35527.113
MinimumVisualStudioVersion = 10.0.40219.1
Project("{2150E333-8FDC-42A3-9474-1A3956D46DE8}") = "NetDesignPatterns", "NetDesignPatterns", "{CAD164AA-CA1E-439D-AE9A-4043EACDAC97}"
EndProject
Project("{2150E333-8FDC-42A3-9474-1A3956D46DE8}") = "Singleton", "Singleton", "{6762EBAC-838C-4AA8-8857-8A4885BF1604}"
EndProject
Project("{2150E333-8FDC-42A3-9474-1A3956D46DE8}") = "Zadania", "Zadania", "{A96F3ED2-89FE-4461-8FC7-CBCDC770F16B}"
	ProjectSection(SolutionItems) = preProject
		Kiota.md = Kiota.md
		Wzorce.md = Wzorce.md
	EndProjectSection
EndProject
Project("{2150E333-8FDC-42A3-9474-1A3956D46DE8}") = "Factory", "Factory", "{B0872BDB-7548-4FD3-B5DD-757133CBEF6D}"
EndProject
Project("{2150E333-8FDC-42A3-9474-1A3956D46DE8}") = "ChainOfResponsibility", "ChainOfResponsibility", "{218E27E0-FC2F-400A-96F5-CCAD17018EAE}"
EndProject
Project("{2150E333-8FDC-42A3-9474-1A3956D46DE8}") = "MoreSamples", "MoreSamples", "{CDF277E2-39BA-430C-8C0E-9A62C3025959}"
	ProjectSection(SolutionItems) = preProject
		..\..\refaktoryzacja-do-wzorcow-projektowych\CH06_NetDesignPatterns\MoreSamples\PrototypRozneRodzaje.cs = ..\..\refaktoryzacja-do-wzorcow-projektowych\CH06_NetDesignPatterns\MoreSamples\PrototypRozneRodzaje.cs
		..\..\refaktoryzacja-do-wzorcow-projektowych\CH06_NetDesignPatterns\MoreSamples\ProxyRozneRodzaje.cs = ..\..\refaktoryzacja-do-wzorcow-projektowych\CH06_NetDesignPatterns\MoreSamples\ProxyRozneRodzaje.cs
	EndProjectSection
EndProject
Project("{2150E333-8FDC-42A3-9474-1A3956D46DE8}") = "FactoryMethod", "FactoryMethod", "{3F617EEB-7E75-4B91-85C7-A92C8C78E698}"
EndProject
Project("{2150E333-8FDC-42A3-9474-1A3956D46DE8}") = "AbstractFactory", "AbstractFactory", "{113CF4CA-8FD6-4531-B5D9-3974376EBF50}"
EndProject
Project("{2150E333-8FDC-42A3-9474-1A3956D46DE8}") = "Builder", "Builder", "{C25F6678-E576-4A56-97E3-BC16182C78DC}"
EndProject
Project("{2150E333-8FDC-42A3-9474-1A3956D46DE8}") = "Prototype", "Prototype", "{A1F8173E-3F36-4183-9611-738CB8F1BED5}"
EndProject
Project("{2150E333-8FDC-42A3-9474-1A3956D46DE8}") = "Facade", "Facade", "{DBA299B9-5E46-4677-930C-C7FACED0ADA8}"
EndProject
Project("{2150E333-8FDC-42A3-9474-1A3956D46DE8}") = "Proxy", "Proxy", "{2D0005CB-5267-4A0E-BC3B-00454F444B56}"
EndProject
Project("{2150E333-8FDC-42A3-9474-1A3956D46DE8}") = "Adapter", "Adapter", "{85BA88BC-C926-4327-AAD3-1D2FFCD98C4A}"
EndProject
Project("{2150E333-8FDC-42A3-9474-1A3956D46DE8}") = "Bridge", "Bridge", "{09614828-9EA5-41D5-8CD9-BAA13B880599}"
EndProject
Project("{2150E333-8FDC-42A3-9474-1A3956D46DE8}") = "Decorator", "Decorator", "{D5B97F6A-70E8-4F3F-93C1-E0076A4C642A}"
EndProject
Project("{2150E333-8FDC-42A3-9474-1A3956D46DE8}") = "Composite", "Composite", "{AD273E06-F3B7-411F-B4B6-B5B91F51B108}"
EndProject
Project("{2150E333-8FDC-42A3-9474-1A3956D46DE8}") = "Command", "Command", "{C1730B99-519A-435F-9DE5-AA36E2E13316}"
EndProject
Project("{2150E333-8FDC-42A3-9474-1A3956D46DE8}") = "Flyweight", "Flyweight", "{B92B0E1E-67BA-46BB-A673-88F70509C69A}"
EndProject
Project("{2150E333-8FDC-42A3-9474-1A3956D46DE8}") = "Interpreter", "Interpreter", "{32C1DF50-2E9D-49A1-A705-E934313DB34C}"
EndProject
Project("{2150E333-8FDC-42A3-9474-1A3956D46DE8}") = "Iterator", "Iterator", "{11324D65-D548-4A5A-BED2-FEC1C71AD6B7}"
EndProject
Project("{2150E333-8FDC-42A3-9474-1A3956D46DE8}") = "Mediator", "Mediator", "{E3C803E3-40AD-41F1-A98D-6E83303F8AD3}"
EndProject
Project("{2150E333-8FDC-42A3-9474-1A3956D46DE8}") = "Memento", "Memento", "{FB7DB704-3073-49CF-8D50-57D49CAAD380}"
EndProject
Project("{2150E333-8FDC-42A3-9474-1A3956D46DE8}") = "Observer", "Observer", "{440D8B66-C13C-4577-AB7A-E7AF593E446B}"
EndProject
Project("{2150E333-8FDC-42A3-9474-1A3956D46DE8}") = "Strategy", "Strategy", "{EF2FE153-A211-4580-8E39-FAD45D41B659}"
EndProject
Project("{2150E333-8FDC-42A3-9474-1A3956D46DE8}") = "State", "State", "{6B3994C7-CF23-41E3-9049-591E63A6D2B9}"
EndProject
Project("{2150E333-8FDC-42A3-9474-1A3956D46DE8}") = "Visitor", "Visitor", "{6587FD45-82CA-4CB9-B3A7-15683A853DA0}"
EndProject
Project("{2150E333-8FDC-42A3-9474-1A3956D46DE8}") = "TemplateMethod", "TemplateMethod", "{C3D9E3FC-FE77-4870-BE9F-9592AE0710DE}"
EndProject
Project("{2150E333-8FDC-42A3-9474-1A3956D46DE8}") = "CodingStandards", "CodingStandards", "{6344FC61-199E-4B07-B497-3C12DBEFEE23}"
EndProject
Project("{2150E333-8FDC-42A3-9474-1A3956D46DE8}") = "Metrics", "Metrics", "{691CD62D-A8A2-4DEA-A926-7BEE71C34892}"
EndProject
Project("{FAE04EC0-301F-11D3-BF4B-00C04F79EFBC}") = "Samples", "GoodAndBadStandards\Samples\Samples.csproj", "{24412838-287C-4DA1-97F2-7414514D9BA7}"
EndProject
Project("{FAE04EC0-301F-11D3-BF4B-00C04F79EFBC}") = "CodingStandardsAndPrinciples", "GoodAndBadStandards\CodingStandardsAndPrinciples\CodingStandardsAndPrinciples.csproj", "{2F1ADD0C-64D7-4A0B-9AE1-E63AE301D93C}"
EndProject
Project("{FAE04EC0-301F-11D3-BF4B-00C04F79EFBC}") = "SupermarketReceipt", "Metrics\SupermarketReceipt\SupermarketReceipt.csproj", "{09217C28-DFDD-4756-8F6E-8571CD8C1C2E}"
EndProject
Project("{FAE04EC0-301F-11D3-BF4B-00C04F79EFBC}") = "SupermarketReceipt.Test", "Metrics\SupermarketReceipt.Test\SupermarketReceipt.Test.csproj", "{E9C41831-749F-4D1C-9E56-5AD834F2E6CA}"
EndProject
Project("{FAE04EC0-301F-11D3-BF4B-00C04F79EFBC}") = "AbstractFactory-sample", "NetDesignPatterns\AbstractFactory-sample\AbstractFactory-sample.csproj", "{6EBAE315-69F4-4DD0-ADAB-99ACC644380B}"
EndProject
Project("{FAE04EC0-301F-11D3-BF4B-00C04F79EFBC}") = "TextureFactory", "NetDesignPatterns\TextureFactory\TextureFactory.csproj", "{322CA9AB-96B8-4111-9819-F535388BBD3F}"
EndProject
Project("{FAE04EC0-301F-11D3-BF4B-00C04F79EFBC}") = "Adapter-sample", "NetDesignPatterns\Adapter-sample\Adapter-sample.csproj", "{6EDCB6F0-99BB-4C58-926E-599C1AC2D4B5}"
EndProject
Project("{FAE04EC0-301F-11D3-BF4B-00C04F79EFBC}") = "PartyAdapter", "NetDesignPatterns\PartyAdapter\PartyAdapter.csproj", "{DC481C23-8A1A-4364-AE8E-6743121320BC}"
EndProject
Project("{FAE04EC0-301F-11D3-BF4B-00C04F79EFBC}") = "Bridge-sample", "NetDesignPatterns\Bridge-sample\Bridge-sample.csproj", "{9871E528-DF12-476F-ACAC-AFEFD61D6059}"
EndProject
Project("{FAE04EC0-301F-11D3-BF4B-00C04F79EFBC}") = "BridgeSystemInterface", "NetDesignPatterns\BridgeSystemInterface\BridgeSystemInterface.csproj", "{081961F2-7672-4346-9291-3848C6A7D428}"
EndProject
Project("{FAE04EC0-301F-11D3-BF4B-00C04F79EFBC}") = "Builder-sample", "NetDesignPatterns\Builder-sample\Builder-sample.csproj", "{2F226874-E742-429E-AAC6-F700ACD5F531}"
EndProject
Project("{FAE04EC0-301F-11D3-BF4B-00C04F79EFBC}") = "WarriorBuilder", "NetDesignPatterns\WarriorBuilder\WarriorBuilder.csproj", "{388AD994-5238-4002-AE8D-3059795E396D}"
EndProject
Project("{FAE04EC0-301F-11D3-BF4B-00C04F79EFBC}") = "ChainofResponsibility-Doc-solution", "NetDesignPatterns\ChainofResponsibility-Doc-solution\ChainofResponsibility-Doc-solution.csproj", "{376EAC96-4814-4C9E-82C0-FEE2F9B78186}"
EndProject
Project("{FAE04EC0-301F-11D3-BF4B-00C04F79EFBC}") = "ChainOfResponsibility-sample", "NetDesignPatterns\ChainOfResponsibility-sample\ChainOfResponsibility-sample.csproj", "{E01BA99F-D6B8-47E4-A4A4-140319A1EA9B}"
EndProject
Project("{FAE04EC0-301F-11D3-BF4B-00C04F79EFBC}") = "Command-sample", "NetDesignPatterns\Command-sample\Command-sample.csproj", "{39C13774-83FF-4822-BE57-06280D1DF117}"
EndProject
Project("{FAE04EC0-301F-11D3-BF4B-00C04F79EFBC}") = "Composite-sample", "NetDesignPatterns\Composite-sample\Composite-sample.csproj", "{65C82F9C-4361-4D88-BD35-05A491CDA3EE}"
EndProject
Project("{FAE04EC0-301F-11D3-BF4B-00C04F79EFBC}") = "Composite2", "NetDesignPatterns\Composite2\Composite2.csproj", "{5D043A9B-6756-4B49-81CB-4B5F3A1491A1}"
EndProject
Project("{FAE04EC0-301F-11D3-BF4B-00C04F79EFBC}") = "CompositeMenu", "NetDesignPatterns\CompositeMenu\CompositeMenu.csproj", "{DB61ACA5-0C27-45D8-B6FA-7119301874E8}"
EndProject
Project("{FAE04EC0-301F-11D3-BF4B-00C04F79EFBC}") = "Decorator-sample", "NetDesignPatterns\Decorator-sample\Decorator-sample.csproj", "{15FF1EFF-A96C-4AE7-A1F3-54956ED21D04}"
EndProject
Project("{FAE04EC0-301F-11D3-BF4B-00C04F79EFBC}") = "ShopDecorator", "NetDesignPatterns\ShopDecorator\ShopDecorator.csproj", "{C305D6EF-D3A4-4D02-BA95-2F0CCACA540E}"
EndProject
Project("{FAE04EC0-301F-11D3-BF4B-00C04F79EFBC}") = "Facade-sample", "NetDesignPatterns\Facade-sample\Facade-sample.csproj", "{6C9DB29F-E6BF-4EBF-9EA6-B381DC0F7C67}"
EndProject
Project("{FAE04EC0-301F-11D3-BF4B-00C04F79EFBC}") = "WeatherApiFacade", "NetDesignPatterns\WeatherApiFacade\WeatherApiFacade.csproj", "{6D8B1634-7D64-4CB1-BFEA-341E8A6E9595}"
EndProject
Project("{FAE04EC0-301F-11D3-BF4B-00C04F79EFBC}") = "SantaClausFactoryLive", "NetDesignPatterns\SantaClausFactoryLive\SantaClausFactoryLive.csproj", "{2781EA24-CB53-4783-B704-384CB9D25D6D}"
EndProject
Project("{FAE04EC0-301F-11D3-BF4B-00C04F79EFBC}") = "WarriorFactory", "NetDesignPatterns\WarriorFactory\WarriorFactory.csproj", "{9A9BB2B3-EAE1-4A17-A44C-71EC3C6ECBDF}"
EndProject
Project("{FAE04EC0-301F-11D3-BF4B-00C04F79EFBC}") = "FactoryMethod-sample", "NetDesignPatterns\FactoryMethod-sample\FactoryMethod-sample.csproj", "{0B8AF213-62AD-4B25-8062-7B05DD35818A}"
EndProject
Project("{FAE04EC0-301F-11D3-BF4B-00C04F79EFBC}") = "Flyweight-sample", "NetDesignPatterns\Flyweight-sample\Flyweight-sample.csproj", "{10FB8D4F-1DCA-46C2-BA5F-FD29CC40C19D}"
EndProject
Project("{FAE04EC0-301F-11D3-BF4B-00C04F79EFBC}") = "Interpreter-sample", "NetDesignPatterns\Interpreter-sample\Interpreter-sample.csproj", "{8F01F5C6-5889-4B0D-A756-04925BE2CA6A}"
EndProject
Project("{FAE04EC0-301F-11D3-BF4B-00C04F79EFBC}") = "InterpreterRobot", "NetDesignPatterns\InterpreterRobot\InterpreterRobot.csproj", "{ECE6BCB5-5421-468A-BCF6-D8EF41313191}"
EndProject
Project("{FAE04EC0-301F-11D3-BF4B-00C04F79EFBC}") = "Iterator-sample", "NetDesignPatterns\Iterator-sample\Iterator-sample.csproj", "{C641CE82-49E2-4E5E-B1D5-BEB785975698}"
EndProject
Project("{FAE04EC0-301F-11D3-BF4B-00C04F79EFBC}") = "Mediator-sample", "NetDesignPatterns\Mediator-sample\Mediator-sample.csproj", "{E5EC1986-D0F5-479E-86DE-D74EE2C0EF98}"
EndProject
Project("{FAE04EC0-301F-11D3-BF4B-00C04F79EFBC}") = "MediatorControlTower", "NetDesignPatterns\MediatorControlTower\MediatorControlTower.csproj", "{08E20E0D-0CFE-4C47-B327-FDF6A2388BA3}"
EndProject
Project("{FAE04EC0-301F-11D3-BF4B-00C04F79EFBC}") = "Memento-sample", "NetDesignPatterns\Memento-sample\Memento-sample.csproj", "{6389D209-C636-4C55-8A80-98529E97074E}"
EndProject
Project("{FAE04EC0-301F-11D3-BF4B-00C04F79EFBC}") = "MementoNotepad", "NetDesignPatterns\MementoNotepad\MementoNotepad.csproj", "{920ADA27-C89C-4406-82F5-B5C65483C6B2}"
EndProject
Project("{FAE04EC0-301F-11D3-BF4B-00C04F79EFBC}") = "Observer-sample", "NetDesignPatterns\Observer-sample\Observer-sample.csproj", "{A9E4BF44-2ACA-4159-A80E-C8A040421BA1}"
EndProject
Project("{FAE04EC0-301F-11D3-BF4B-00C04F79EFBC}") = "TeacherObserver", "NetDesignPatterns\TeacherObserver\TeacherObserver.csproj", "{61487696-25BA-4901-8FB5-F90986D8CC3F}"
EndProject
Project("{FAE04EC0-301F-11D3-BF4B-00C04F79EFBC}") = "Prototype-sample", "NetDesignPatterns\Prototype-sample\Prototype-sample.csproj", "{CBD58640-1C4F-4CC5-807A-A852D12877E6}"
EndProject
Project("{FAE04EC0-301F-11D3-BF4B-00C04F79EFBC}") = "OrkPrototype", "NetDesignPatterns\OrkPrototype\OrkPrototype.csproj", "{3FA4BBD3-148D-4436-AA70-892B4207F1ED}"
EndProject
Project("{FAE04EC0-301F-11D3-BF4B-00C04F79EFBC}") = "Proxy-sample", "NetDesignPatterns\Proxy-sample\Proxy-sample.csproj", "{2716BC93-1008-482D-B0FA-603222E7A120}"
EndProject
Project("{FAE04EC0-301F-11D3-BF4B-00C04F79EFBC}") = "DownloadProxy", "NetDesignPatterns\DownloadProxy\DownloadProxy.csproj", "{EC53AAA1-854F-46E8-B8FF-BA45B1F65747}"
EndProject
Project("{FAE04EC0-301F-11D3-BF4B-00C04F79EFBC}") = "Singleton-sample", "NetDesignPatterns\Singleton-sample\Singleton-sample.csproj", "{A60D351C-7BC1-40CD-8516-4CBA7A0A0CC2}"
EndProject
Project("{FAE04EC0-301F-11D3-BF4B-00C04F79EFBC}") = "SingletonVault-solution", "NetDesignPatterns\SingletonVault\SingletonVault-solution.csproj", "{849ED519-53A3-4FF1-8A90-367E72CB5CC2}"
EndProject
Project("{FAE04EC0-301F-11D3-BF4B-00C04F79EFBC}") = "State-sample", "NetDesignPatterns\State-sample\State-sample.csproj", "{02B2CBF4-CF58-4C9E-849A-A955535E5ECC}"
EndProject
Project("{FAE04EC0-301F-11D3-BF4B-00C04F79EFBC}") = "StateCharacter", "NetDesignPatterns\StateCharacter\StateCharacter.csproj", "{C3DEAFFF-1809-4F58-8287-929149D0C3A4}"
EndProject
Project("{FAE04EC0-301F-11D3-BF4B-00C04F79EFBC}") = "PhotoSearchStrategy", "NetDesignPatterns\PhotoSearchStrategy\PhotoSearchStrategy.csproj", "{0E7F3BEE-FBD1-4ED7-BB5C-FEC42AD421D5}"
EndProject
Project("{FAE04EC0-301F-11D3-BF4B-00C04F79EFBC}") = "Strategy-sample", "NetDesignPatterns\Strategy-sample\Strategy-sample.csproj", "{2795850C-48C2-4636-A433-70770FABD537}"
EndProject
Project("{FAE04EC0-301F-11D3-BF4B-00C04F79EFBC}") = "TemplateMethodDocument", "NetDesignPatterns\TemplateMethodDocument\TemplateMethodDocument.csproj", "{37F3C725-3F3E-4BEF-B69D-4FCC3686F06B}"
EndProject
Project("{FAE04EC0-301F-11D3-BF4B-00C04F79EFBC}") = "TemplateMethod-sample", "NetDesignPatterns\TemplateMethod-sample\TemplateMethod-sample.csproj", "{15777A7B-C39F-4215-B384-AC9E7E5558D9}"
EndProject
Project("{FAE04EC0-301F-11D3-BF4B-00C04F79EFBC}") = "Visitor-sample", "NetDesignPatterns\Visitor-sample\Visitor-sample.csproj", "{D4FD1F48-66A6-4B80-81DE-FA6BCE32DAA1}"
EndProject
Project("{FAE04EC0-301F-11D3-BF4B-00C04F79EFBC}") = "VisitorShop", "NetDesignPatterns\VisitorShop\VisitorShop.csproj", "{02B6A7E1-C691-4006-804E-C152FAB9625E}"
EndProject
Project("{2150E333-8FDC-42A3-9474-1A3956D46DE8}") = "FluentAPI", "FluentAPI", "{419A5B8F-9F48-4552-9B2F-B74E31E37FEB}"
EndProject
Project("{FAE04EC0-301F-11D3-BF4B-00C04F79EFBC}") = "FluentAPI-sample", "NetDesignPatterns\FluentAPI-sample\FluentAPI-sample.csproj", "{ADB3BB95-005F-4637-898C-A6832F234154}"
EndProject
Project("{FAE04EC0-301F-11D3-BF4B-00C04F79EFBC}") = "Factory-sample", "NetDesignPatterns\Factory-sample\Factory-sample.csproj", "{1F2F59B8-AE74-43E4-AD50-990B296A4785}"
EndProject
Project("{FAE04EC0-301F-11D3-BF4B-00C04F79EFBC}") = "FactoryMethod-SimpleSample", "NetDesignPatterns\FactoryMethod-SimpleSample\FactoryMethod-SimpleSample.csproj", "{E7F6B0FF-FF65-44BE-8359-4456D9C625A2}"
EndProject
Project("{FAE04EC0-301F-11D3-BF4B-00C04F79EFBC}") = "OrderWorkshop", "OrderWorkshop\OrderWorkshop.csproj", "{3754FF9E-9BAB-4547-A63B-A10F650F1B8E}"
EndProject
Project("{FAE04EC0-301F-11D3-BF4B-00C04F79EFBC}") = "WeatherAPI", "WeatherAPI\WeatherAPI.csproj", "{58A67208-030E-4255-8557-B6982E1C2979}"
EndProject
Project("{2150E333-8FDC-42A3-9474-1A3956D46DE8}") = "TestDataBuilder", "TestDataBuilder", "{CC4B3B78-ADF3-4113-9914-02A841ADA743}"
EndProject
Project("{FAE04EC0-301F-11D3-BF4B-00C04F79EFBC}") = "TestDataBuilder-sample", "TestDataBuilder-sample\TestDataBuilder-sample.csproj", "{42EAF22D-E56B-4A2C-B4C7-049707B84BAA}"
EndProject
Project("{FAE04EC0-301F-11D3-BF4B-00C04F79EFBC}") = "TestDataBuilder.Tests-sample", "TestDataBuilder.Tests-sample\TestDataBuilder.Tests-sample.csproj", "{C8E0BFE5-FEDE-4493-BEA6-4D66915334D0}"
EndProject
Project("{2150E333-8FDC-42A3-9474-1A3956D46DE8}") = "ObjectMother", "ObjectMother", "{994BA404-5092-44B2-8809-0BA6CE98BD22}"
EndProject
Project("{FAE04EC0-301F-11D3-BF4B-00C04F79EFBC}") = "ObjectMother-sample", "ObjectMother-sample\ObjectMother-sample.csproj", "{FDDCDA61-2F05-474E-B828-B42643A022A4}"
EndProject
Project("{FAE04EC0-301F-11D3-BF4B-00C04F79EFBC}") = "ObjectMother.Tests-sample", "ObjectMother.Tests-sample\ObjectMother.Tests-sample.csproj", "{E5F66B37-3ED7-49E8-9568-D4AD3572B2C0}"
EndProject
Project("{FAE04EC0-301F-11D3-BF4B-00C04F79EFBC}") = "InvoiceMother", "InvoiceMother\InvoiceMother.csproj", "{D1139FED-D44E-495D-BB46-C95BEE5FDC70}"
EndProject
Project("{FAE04EC0-301F-11D3-BF4B-00C04F79EFBC}") = "InvoiceMother.Tests", "InvoiceMother.Tests\InvoiceMother.Tests.csproj", "{F359E49E-9127-4537-BC00-EAB9AC05AAED}"
EndProject
Project("{FAE04EC0-301F-11D3-BF4B-00C04F79EFBC}") = "OrderBuilder", "OrderBuilder\OrderBuilder.csproj", "{27F6E5D7-2560-4260-B440-BD66F425287D}"
EndProject
Project("{2150E333-8FDC-42A3-9474-1A3956D46DE8}") = "Page Object", "Page Object", "{BA2F5B2A-A0B5-465C-B56B-BE62CCD551A5}"
EndProject
Project("{FAE04EC0-301F-11D3-BF4B-00C04F79EFBC}") = "PageObject", "PageObject\PageObject.csproj", "{CD363C68-9ECD-47AF-A68A-CAFEC9FBDB49}"
EndProject
Project("{FAE04EC0-301F-11D3-BF4B-00C04F79EFBC}") = "WeatherKiota", "WeatherKiota\WeatherKiota.csproj", "{A8F7F604-E330-4358-9C69-AF6C52AA6640}"
EndProject
Project("{2150E333-8FDC-42A3-9474-1A3956D46DE8}") = "AssertClass", "AssertClass", "{5914E530-2EF4-4241-BCD2-A5B94EAA2EA5}"
EndProject
Project("{FAE04EC0-301F-11D3-BF4B-00C04F79EFBC}") = "AssertClass.Tests", "AssertClass.Tests\AssertClass.Tests.csproj", "{00CB3D26-2C4F-446F-AB25-26E14CA5D41B}"
EndProject
Global
	GlobalSection(SolutionConfigurationPlatforms) = preSolution
		Debug|Any CPU = Debug|Any CPU
		Release|Any CPU = Release|Any CPU
	EndGlobalSection
	GlobalSection(ProjectConfigurationPlatforms) = postSolution
		{24412838-287C-4DA1-97F2-7414514D9BA7}.Debug|Any CPU.ActiveCfg = Debug|Any CPU
		{24412838-287C-4DA1-97F2-7414514D9BA7}.Debug|Any CPU.Build.0 = Debug|Any CPU
		{24412838-287C-4DA1-97F2-7414514D9BA7}.Release|Any CPU.ActiveCfg = Release|Any CPU
		{24412838-287C-4DA1-97F2-7414514D9BA7}.Release|Any CPU.Build.0 = Release|Any CPU
		{2F1ADD0C-64D7-4A0B-9AE1-E63AE301D93C}.Debug|Any CPU.ActiveCfg = Debug|Any CPU
		{2F1ADD0C-64D7-4A0B-9AE1-E63AE301D93C}.Debug|Any CPU.Build.0 = Debug|Any CPU
		{2F1ADD0C-64D7-4A0B-9AE1-E63AE301D93C}.Release|Any CPU.ActiveCfg = Release|Any CPU
		{2F1ADD0C-64D7-4A0B-9AE1-E63AE301D93C}.Release|Any CPU.Build.0 = Release|Any CPU
		{09217C28-DFDD-4756-8F6E-8571CD8C1C2E}.Debug|Any CPU.ActiveCfg = Debug|Any CPU
		{09217C28-DFDD-4756-8F6E-8571CD8C1C2E}.Debug|Any CPU.Build.0 = Debug|Any CPU
		{09217C28-DFDD-4756-8F6E-8571CD8C1C2E}.Release|Any CPU.ActiveCfg = Release|Any CPU
		{09217C28-DFDD-4756-8F6E-8571CD8C1C2E}.Release|Any CPU.Build.0 = Release|Any CPU
		{E9C41831-749F-4D1C-9E56-5AD834F2E6CA}.Debug|Any CPU.ActiveCfg = Debug|Any CPU
		{E9C41831-749F-4D1C-9E56-5AD834F2E6CA}.Debug|Any CPU.Build.0 = Debug|Any CPU
		{E9C41831-749F-4D1C-9E56-5AD834F2E6CA}.Release|Any CPU.ActiveCfg = Release|Any CPU
		{E9C41831-749F-4D1C-9E56-5AD834F2E6CA}.Release|Any CPU.Build.0 = Release|Any CPU
		{6EBAE315-69F4-4DD0-ADAB-99ACC644380B}.Debug|Any CPU.ActiveCfg = Debug|Any CPU
		{6EBAE315-69F4-4DD0-ADAB-99ACC644380B}.Debug|Any CPU.Build.0 = Debug|Any CPU
		{6EBAE315-69F4-4DD0-ADAB-99ACC644380B}.Release|Any CPU.ActiveCfg = Release|Any CPU
		{6EBAE315-69F4-4DD0-ADAB-99ACC644380B}.Release|Any CPU.Build.0 = Release|Any CPU
		{322CA9AB-96B8-4111-9819-F535388BBD3F}.Debug|Any CPU.ActiveCfg = Debug|Any CPU
		{322CA9AB-96B8-4111-9819-F535388BBD3F}.Debug|Any CPU.Build.0 = Debug|Any CPU
		{322CA9AB-96B8-4111-9819-F535388BBD3F}.Release|Any CPU.ActiveCfg = Release|Any CPU
		{322CA9AB-96B8-4111-9819-F535388BBD3F}.Release|Any CPU.Build.0 = Release|Any CPU
		{6EDCB6F0-99BB-4C58-926E-599C1AC2D4B5}.Debug|Any CPU.ActiveCfg = Debug|Any CPU
		{6EDCB6F0-99BB-4C58-926E-599C1AC2D4B5}.Debug|Any CPU.Build.0 = Debug|Any CPU
		{6EDCB6F0-99BB-4C58-926E-599C1AC2D4B5}.Release|Any CPU.ActiveCfg = Release|Any CPU
		{6EDCB6F0-99BB-4C58-926E-599C1AC2D4B5}.Release|Any CPU.Build.0 = Release|Any CPU
		{DC481C23-8A1A-4364-AE8E-6743121320BC}.Debug|Any CPU.ActiveCfg = Debug|Any CPU
		{DC481C23-8A1A-4364-AE8E-6743121320BC}.Debug|Any CPU.Build.0 = Debug|Any CPU
		{DC481C23-8A1A-4364-AE8E-6743121320BC}.Release|Any CPU.ActiveCfg = Release|Any CPU
		{DC481C23-8A1A-4364-AE8E-6743121320BC}.Release|Any CPU.Build.0 = Release|Any CPU
		{9871E528-DF12-476F-ACAC-AFEFD61D6059}.Debug|Any CPU.ActiveCfg = Debug|Any CPU
		{9871E528-DF12-476F-ACAC-AFEFD61D6059}.Debug|Any CPU.Build.0 = Debug|Any CPU
		{9871E528-DF12-476F-ACAC-AFEFD61D6059}.Release|Any CPU.ActiveCfg = Release|Any CPU
		{9871E528-DF12-476F-ACAC-AFEFD61D6059}.Release|Any CPU.Build.0 = Release|Any CPU
		{081961F2-7672-4346-9291-3848C6A7D428}.Debug|Any CPU.ActiveCfg = Debug|Any CPU
		{081961F2-7672-4346-9291-3848C6A7D428}.Debug|Any CPU.Build.0 = Debug|Any CPU
		{081961F2-7672-4346-9291-3848C6A7D428}.Release|Any CPU.ActiveCfg = Release|Any CPU
		{081961F2-7672-4346-9291-3848C6A7D428}.Release|Any CPU.Build.0 = Release|Any CPU
		{2F226874-E742-429E-AAC6-F700ACD5F531}.Debug|Any CPU.ActiveCfg = Debug|Any CPU
		{2F226874-E742-429E-AAC6-F700ACD5F531}.Debug|Any CPU.Build.0 = Debug|Any CPU
		{2F226874-E742-429E-AAC6-F700ACD5F531}.Release|Any CPU.ActiveCfg = Release|Any CPU
		{2F226874-E742-429E-AAC6-F700ACD5F531}.Release|Any CPU.Build.0 = Release|Any CPU
		{388AD994-5238-4002-AE8D-3059795E396D}.Debug|Any CPU.ActiveCfg = Debug|Any CPU
		{388AD994-5238-4002-AE8D-3059795E396D}.Debug|Any CPU.Build.0 = Debug|Any CPU
		{388AD994-5238-4002-AE8D-3059795E396D}.Release|Any CPU.ActiveCfg = Release|Any CPU
		{388AD994-5238-4002-AE8D-3059795E396D}.Release|Any CPU.Build.0 = Release|Any CPU
		{376EAC96-4814-4C9E-82C0-FEE2F9B78186}.Debug|Any CPU.ActiveCfg = Debug|Any CPU
		{376EAC96-4814-4C9E-82C0-FEE2F9B78186}.Debug|Any CPU.Build.0 = Debug|Any CPU
		{376EAC96-4814-4C9E-82C0-FEE2F9B78186}.Release|Any CPU.ActiveCfg = Release|Any CPU
		{376EAC96-4814-4C9E-82C0-FEE2F9B78186}.Release|Any CPU.Build.0 = Release|Any CPU
		{E01BA99F-D6B8-47E4-A4A4-140319A1EA9B}.Debug|Any CPU.ActiveCfg = Debug|Any CPU
		{E01BA99F-D6B8-47E4-A4A4-140319A1EA9B}.Debug|Any CPU.Build.0 = Debug|Any CPU
		{E01BA99F-D6B8-47E4-A4A4-140319A1EA9B}.Release|Any CPU.ActiveCfg = Release|Any CPU
		{E01BA99F-D6B8-47E4-A4A4-140319A1EA9B}.Release|Any CPU.Build.0 = Release|Any CPU
		{39C13774-83FF-4822-BE57-06280D1DF117}.Debug|Any CPU.ActiveCfg = Debug|Any CPU
		{39C13774-83FF-4822-BE57-06280D1DF117}.Debug|Any CPU.Build.0 = Debug|Any CPU
		{39C13774-83FF-4822-BE57-06280D1DF117}.Release|Any CPU.ActiveCfg = Release|Any CPU
		{39C13774-83FF-4822-BE57-06280D1DF117}.Release|Any CPU.Build.0 = Release|Any CPU
		{65C82F9C-4361-4D88-BD35-05A491CDA3EE}.Debug|Any CPU.ActiveCfg = Debug|Any CPU
		{65C82F9C-4361-4D88-BD35-05A491CDA3EE}.Debug|Any CPU.Build.0 = Debug|Any CPU
		{65C82F9C-4361-4D88-BD35-05A491CDA3EE}.Release|Any CPU.ActiveCfg = Release|Any CPU
		{65C82F9C-4361-4D88-BD35-05A491CDA3EE}.Release|Any CPU.Build.0 = Release|Any CPU
		{5D043A9B-6756-4B49-81CB-4B5F3A1491A1}.Debug|Any CPU.ActiveCfg = Debug|Any CPU
		{5D043A9B-6756-4B49-81CB-4B5F3A1491A1}.Debug|Any CPU.Build.0 = Debug|Any CPU
		{5D043A9B-6756-4B49-81CB-4B5F3A1491A1}.Release|Any CPU.ActiveCfg = Release|Any CPU
		{5D043A9B-6756-4B49-81CB-4B5F3A1491A1}.Release|Any CPU.Build.0 = Release|Any CPU
		{DB61ACA5-0C27-45D8-B6FA-7119301874E8}.Debug|Any CPU.ActiveCfg = Debug|Any CPU
		{DB61ACA5-0C27-45D8-B6FA-7119301874E8}.Debug|Any CPU.Build.0 = Debug|Any CPU
		{DB61ACA5-0C27-45D8-B6FA-7119301874E8}.Release|Any CPU.ActiveCfg = Release|Any CPU
		{DB61ACA5-0C27-45D8-B6FA-7119301874E8}.Release|Any CPU.Build.0 = Release|Any CPU
		{15FF1EFF-A96C-4AE7-A1F3-54956ED21D04}.Debug|Any CPU.ActiveCfg = Debug|Any CPU
		{15FF1EFF-A96C-4AE7-A1F3-54956ED21D04}.Debug|Any CPU.Build.0 = Debug|Any CPU
		{15FF1EFF-A96C-4AE7-A1F3-54956ED21D04}.Release|Any CPU.ActiveCfg = Release|Any CPU
		{15FF1EFF-A96C-4AE7-A1F3-54956ED21D04}.Release|Any CPU.Build.0 = Release|Any CPU
		{C305D6EF-D3A4-4D02-BA95-2F0CCACA540E}.Debug|Any CPU.ActiveCfg = Debug|Any CPU
		{C305D6EF-D3A4-4D02-BA95-2F0CCACA540E}.Debug|Any CPU.Build.0 = Debug|Any CPU
		{C305D6EF-D3A4-4D02-BA95-2F0CCACA540E}.Release|Any CPU.ActiveCfg = Release|Any CPU
		{C305D6EF-D3A4-4D02-BA95-2F0CCACA540E}.Release|Any CPU.Build.0 = Release|Any CPU
		{6C9DB29F-E6BF-4EBF-9EA6-B381DC0F7C67}.Debug|Any CPU.ActiveCfg = Debug|Any CPU
		{6C9DB29F-E6BF-4EBF-9EA6-B381DC0F7C67}.Debug|Any CPU.Build.0 = Debug|Any CPU
		{6C9DB29F-E6BF-4EBF-9EA6-B381DC0F7C67}.Release|Any CPU.ActiveCfg = Release|Any CPU
		{6C9DB29F-E6BF-4EBF-9EA6-B381DC0F7C67}.Release|Any CPU.Build.0 = Release|Any CPU
		{6D8B1634-7D64-4CB1-BFEA-341E8A6E9595}.Debug|Any CPU.ActiveCfg = Debug|Any CPU
		{6D8B1634-7D64-4CB1-BFEA-341E8A6E9595}.Debug|Any CPU.Build.0 = Debug|Any CPU
		{6D8B1634-7D64-4CB1-BFEA-341E8A6E9595}.Release|Any CPU.ActiveCfg = Release|Any CPU
		{6D8B1634-7D64-4CB1-BFEA-341E8A6E9595}.Release|Any CPU.Build.0 = Release|Any CPU
		{2781EA24-CB53-4783-B704-384CB9D25D6D}.Debug|Any CPU.ActiveCfg = Debug|Any CPU
		{2781EA24-CB53-4783-B704-384CB9D25D6D}.Debug|Any CPU.Build.0 = Debug|Any CPU
		{2781EA24-CB53-4783-B704-384CB9D25D6D}.Release|Any CPU.ActiveCfg = Release|Any CPU
		{2781EA24-CB53-4783-B704-384CB9D25D6D}.Release|Any CPU.Build.0 = Release|Any CPU
		{9A9BB2B3-EAE1-4A17-A44C-71EC3C6ECBDF}.Debug|Any CPU.ActiveCfg = Debug|Any CPU
		{9A9BB2B3-EAE1-4A17-A44C-71EC3C6ECBDF}.Debug|Any CPU.Build.0 = Debug|Any CPU
		{9A9BB2B3-EAE1-4A17-A44C-71EC3C6ECBDF}.Release|Any CPU.ActiveCfg = Release|Any CPU
		{9A9BB2B3-EAE1-4A17-A44C-71EC3C6ECBDF}.Release|Any CPU.Build.0 = Release|Any CPU
		{0B8AF213-62AD-4B25-8062-7B05DD35818A}.Debug|Any CPU.ActiveCfg = Debug|Any CPU
		{0B8AF213-62AD-4B25-8062-7B05DD35818A}.Debug|Any CPU.Build.0 = Debug|Any CPU
		{0B8AF213-62AD-4B25-8062-7B05DD35818A}.Release|Any CPU.ActiveCfg = Release|Any CPU
		{0B8AF213-62AD-4B25-8062-7B05DD35818A}.Release|Any CPU.Build.0 = Release|Any CPU
		{10FB8D4F-1DCA-46C2-BA5F-FD29CC40C19D}.Debug|Any CPU.ActiveCfg = Debug|Any CPU
		{10FB8D4F-1DCA-46C2-BA5F-FD29CC40C19D}.Debug|Any CPU.Build.0 = Debug|Any CPU
		{10FB8D4F-1DCA-46C2-BA5F-FD29CC40C19D}.Release|Any CPU.ActiveCfg = Release|Any CPU
		{10FB8D4F-1DCA-46C2-BA5F-FD29CC40C19D}.Release|Any CPU.Build.0 = Release|Any CPU
		{8F01F5C6-5889-4B0D-A756-04925BE2CA6A}.Debug|Any CPU.ActiveCfg = Debug|Any CPU
		{8F01F5C6-5889-4B0D-A756-04925BE2CA6A}.Debug|Any CPU.Build.0 = Debug|Any CPU
		{8F01F5C6-5889-4B0D-A756-04925BE2CA6A}.Release|Any CPU.ActiveCfg = Release|Any CPU
		{8F01F5C6-5889-4B0D-A756-04925BE2CA6A}.Release|Any CPU.Build.0 = Release|Any CPU
		{ECE6BCB5-5421-468A-BCF6-D8EF41313191}.Debug|Any CPU.ActiveCfg = Debug|Any CPU
		{ECE6BCB5-5421-468A-BCF6-D8EF41313191}.Debug|Any CPU.Build.0 = Debug|Any CPU
		{ECE6BCB5-5421-468A-BCF6-D8EF41313191}.Release|Any CPU.ActiveCfg = Release|Any CPU
		{ECE6BCB5-5421-468A-BCF6-D8EF41313191}.Release|Any CPU.Build.0 = Release|Any CPU
		{C641CE82-49E2-4E5E-B1D5-BEB785975698}.Debug|Any CPU.ActiveCfg = Debug|Any CPU
		{C641CE82-49E2-4E5E-B1D5-BEB785975698}.Debug|Any CPU.Build.0 = Debug|Any CPU
		{C641CE82-49E2-4E5E-B1D5-BEB785975698}.Release|Any CPU.ActiveCfg = Release|Any CPU
		{C641CE82-49E2-4E5E-B1D5-BEB785975698}.Release|Any CPU.Build.0 = Release|Any CPU
		{E5EC1986-D0F5-479E-86DE-D74EE2C0EF98}.Debug|Any CPU.ActiveCfg = Debug|Any CPU
		{E5EC1986-D0F5-479E-86DE-D74EE2C0EF98}.Debug|Any CPU.Build.0 = Debug|Any CPU
		{E5EC1986-D0F5-479E-86DE-D74EE2C0EF98}.Release|Any CPU.ActiveCfg = Release|Any CPU
		{E5EC1986-D0F5-479E-86DE-D74EE2C0EF98}.Release|Any CPU.Build.0 = Release|Any CPU
		{08E20E0D-0CFE-4C47-B327-FDF6A2388BA3}.Debug|Any CPU.ActiveCfg = Debug|Any CPU
		{08E20E0D-0CFE-4C47-B327-FDF6A2388BA3}.Debug|Any CPU.Build.0 = Debug|Any CPU
		{08E20E0D-0CFE-4C47-B327-FDF6A2388BA3}.Release|Any CPU.ActiveCfg = Release|Any CPU
		{08E20E0D-0CFE-4C47-B327-FDF6A2388BA3}.Release|Any CPU.Build.0 = Release|Any CPU
		{6389D209-C636-4C55-8A80-98529E97074E}.Debug|Any CPU.ActiveCfg = Debug|Any CPU
		{6389D209-C636-4C55-8A80-98529E97074E}.Debug|Any CPU.Build.0 = Debug|Any CPU
		{6389D209-C636-4C55-8A80-98529E97074E}.Release|Any CPU.ActiveCfg = Release|Any CPU
		{6389D209-C636-4C55-8A80-98529E97074E}.Release|Any CPU.Build.0 = Release|Any CPU
		{920ADA27-C89C-4406-82F5-B5C65483C6B2}.Debug|Any CPU.ActiveCfg = Debug|Any CPU
		{920ADA27-C89C-4406-82F5-B5C65483C6B2}.Debug|Any CPU.Build.0 = Debug|Any CPU
		{920ADA27-C89C-4406-82F5-B5C65483C6B2}.Release|Any CPU.ActiveCfg = Release|Any CPU
		{920ADA27-C89C-4406-82F5-B5C65483C6B2}.Release|Any CPU.Build.0 = Release|Any CPU
		{A9E4BF44-2ACA-4159-A80E-C8A040421BA1}.Debug|Any CPU.ActiveCfg = Debug|Any CPU
		{A9E4BF44-2ACA-4159-A80E-C8A040421BA1}.Debug|Any CPU.Build.0 = Debug|Any CPU
		{A9E4BF44-2ACA-4159-A80E-C8A040421BA1}.Release|Any CPU.ActiveCfg = Release|Any CPU
		{A9E4BF44-2ACA-4159-A80E-C8A040421BA1}.Release|Any CPU.Build.0 = Release|Any CPU
		{61487696-25BA-4901-8FB5-F90986D8CC3F}.Debug|Any CPU.ActiveCfg = Debug|Any CPU
		{61487696-25BA-4901-8FB5-F90986D8CC3F}.Debug|Any CPU.Build.0 = Debug|Any CPU
		{61487696-25BA-4901-8FB5-F90986D8CC3F}.Release|Any CPU.ActiveCfg = Release|Any CPU
		{61487696-25BA-4901-8FB5-F90986D8CC3F}.Release|Any CPU.Build.0 = Release|Any CPU
		{CBD58640-1C4F-4CC5-807A-A852D12877E6}.Debug|Any CPU.ActiveCfg = Debug|Any CPU
		{CBD58640-1C4F-4CC5-807A-A852D12877E6}.Debug|Any CPU.Build.0 = Debug|Any CPU
		{CBD58640-1C4F-4CC5-807A-A852D12877E6}.Release|Any CPU.ActiveCfg = Release|Any CPU
		{CBD58640-1C4F-4CC5-807A-A852D12877E6}.Release|Any CPU.Build.0 = Release|Any CPU
		{3FA4BBD3-148D-4436-AA70-892B4207F1ED}.Debug|Any CPU.ActiveCfg = Debug|Any CPU
		{3FA4BBD3-148D-4436-AA70-892B4207F1ED}.Debug|Any CPU.Build.0 = Debug|Any CPU
		{3FA4BBD3-148D-4436-AA70-892B4207F1ED}.Release|Any CPU.ActiveCfg = Release|Any CPU
		{3FA4BBD3-148D-4436-AA70-892B4207F1ED}.Release|Any CPU.Build.0 = Release|Any CPU
		{2716BC93-1008-482D-B0FA-603222E7A120}.Debug|Any CPU.ActiveCfg = Debug|Any CPU
		{2716BC93-1008-482D-B0FA-603222E7A120}.Debug|Any CPU.Build.0 = Debug|Any CPU
		{2716BC93-1008-482D-B0FA-603222E7A120}.Release|Any CPU.ActiveCfg = Release|Any CPU
		{2716BC93-1008-482D-B0FA-603222E7A120}.Release|Any CPU.Build.0 = Release|Any CPU
		{EC53AAA1-854F-46E8-B8FF-BA45B1F65747}.Debug|Any CPU.ActiveCfg = Debug|Any CPU
		{EC53AAA1-854F-46E8-B8FF-BA45B1F65747}.Debug|Any CPU.Build.0 = Debug|Any CPU
		{EC53AAA1-854F-46E8-B8FF-BA45B1F65747}.Release|Any CPU.ActiveCfg = Release|Any CPU
		{EC53AAA1-854F-46E8-B8FF-BA45B1F65747}.Release|Any CPU.Build.0 = Release|Any CPU
		{A60D351C-7BC1-40CD-8516-4CBA7A0A0CC2}.Debug|Any CPU.ActiveCfg = Debug|Any CPU
		{A60D351C-7BC1-40CD-8516-4CBA7A0A0CC2}.Debug|Any CPU.Build.0 = Debug|Any CPU
		{A60D351C-7BC1-40CD-8516-4CBA7A0A0CC2}.Release|Any CPU.ActiveCfg = Release|Any CPU
		{A60D351C-7BC1-40CD-8516-4CBA7A0A0CC2}.Release|Any CPU.Build.0 = Release|Any CPU
		{849ED519-53A3-4FF1-8A90-367E72CB5CC2}.Debug|Any CPU.ActiveCfg = Debug|Any CPU
		{849ED519-53A3-4FF1-8A90-367E72CB5CC2}.Debug|Any CPU.Build.0 = Debug|Any CPU
		{849ED519-53A3-4FF1-8A90-367E72CB5CC2}.Release|Any CPU.ActiveCfg = Release|Any CPU
		{849ED519-53A3-4FF1-8A90-367E72CB5CC2}.Release|Any CPU.Build.0 = Release|Any CPU
		{02B2CBF4-CF58-4C9E-849A-A955535E5ECC}.Debug|Any CPU.ActiveCfg = Debug|Any CPU
		{02B2CBF4-CF58-4C9E-849A-A955535E5ECC}.Debug|Any CPU.Build.0 = Debug|Any CPU
		{02B2CBF4-CF58-4C9E-849A-A955535E5ECC}.Release|Any CPU.ActiveCfg = Release|Any CPU
		{02B2CBF4-CF58-4C9E-849A-A955535E5ECC}.Release|Any CPU.Build.0 = Release|Any CPU
		{C3DEAFFF-1809-4F58-8287-929149D0C3A4}.Debug|Any CPU.ActiveCfg = Debug|Any CPU
		{C3DEAFFF-1809-4F58-8287-929149D0C3A4}.Debug|Any CPU.Build.0 = Debug|Any CPU
		{C3DEAFFF-1809-4F58-8287-929149D0C3A4}.Release|Any CPU.ActiveCfg = Release|Any CPU
		{C3DEAFFF-1809-4F58-8287-929149D0C3A4}.Release|Any CPU.Build.0 = Release|Any CPU
		{0E7F3BEE-FBD1-4ED7-BB5C-FEC42AD421D5}.Debug|Any CPU.ActiveCfg = Debug|Any CPU
		{0E7F3BEE-FBD1-4ED7-BB5C-FEC42AD421D5}.Debug|Any CPU.Build.0 = Debug|Any CPU
		{0E7F3BEE-FBD1-4ED7-BB5C-FEC42AD421D5}.Release|Any CPU.ActiveCfg = Release|Any CPU
		{0E7F3BEE-FBD1-4ED7-BB5C-FEC42AD421D5}.Release|Any CPU.Build.0 = Release|Any CPU
		{2795850C-48C2-4636-A433-70770FABD537}.Debug|Any CPU.ActiveCfg = Debug|Any CPU
		{2795850C-48C2-4636-A433-70770FABD537}.Debug|Any CPU.Build.0 = Debug|Any CPU
		{2795850C-48C2-4636-A433-70770FABD537}.Release|Any CPU.ActiveCfg = Release|Any CPU
		{2795850C-48C2-4636-A433-70770FABD537}.Release|Any CPU.Build.0 = Release|Any CPU
		{37F3C725-3F3E-4BEF-B69D-4FCC3686F06B}.Debug|Any CPU.ActiveCfg = Debug|Any CPU
		{37F3C725-3F3E-4BEF-B69D-4FCC3686F06B}.Debug|Any CPU.Build.0 = Debug|Any CPU
		{37F3C725-3F3E-4BEF-B69D-4FCC3686F06B}.Release|Any CPU.ActiveCfg = Release|Any CPU
		{37F3C725-3F3E-4BEF-B69D-4FCC3686F06B}.Release|Any CPU.Build.0 = Release|Any CPU
		{15777A7B-C39F-4215-B384-AC9E7E5558D9}.Debug|Any CPU.ActiveCfg = Debug|Any CPU
		{15777A7B-C39F-4215-B384-AC9E7E5558D9}.Debug|Any CPU.Build.0 = Debug|Any CPU
		{15777A7B-C39F-4215-B384-AC9E7E5558D9}.Release|Any CPU.ActiveCfg = Release|Any CPU
		{15777A7B-C39F-4215-B384-AC9E7E5558D9}.Release|Any CPU.Build.0 = Release|Any CPU
		{D4FD1F48-66A6-4B80-81DE-FA6BCE32DAA1}.Debug|Any CPU.ActiveCfg = Debug|Any CPU
		{D4FD1F48-66A6-4B80-81DE-FA6BCE32DAA1}.Debug|Any CPU.Build.0 = Debug|Any CPU
		{D4FD1F48-66A6-4B80-81DE-FA6BCE32DAA1}.Release|Any CPU.ActiveCfg = Release|Any CPU
		{D4FD1F48-66A6-4B80-81DE-FA6BCE32DAA1}.Release|Any CPU.Build.0 = Release|Any CPU
		{02B6A7E1-C691-4006-804E-C152FAB9625E}.Debug|Any CPU.ActiveCfg = Debug|Any CPU
		{02B6A7E1-C691-4006-804E-C152FAB9625E}.Debug|Any CPU.Build.0 = Debug|Any CPU
		{02B6A7E1-C691-4006-804E-C152FAB9625E}.Release|Any CPU.ActiveCfg = Release|Any CPU
		{02B6A7E1-C691-4006-804E-C152FAB9625E}.Release|Any CPU.Build.0 = Release|Any CPU
		{ADB3BB95-005F-4637-898C-A6832F234154}.Debug|Any CPU.ActiveCfg = Debug|Any CPU
		{ADB3BB95-005F-4637-898C-A6832F234154}.Debug|Any CPU.Build.0 = Debug|Any CPU
		{ADB3BB95-005F-4637-898C-A6832F234154}.Release|Any CPU.ActiveCfg = Release|Any CPU
		{ADB3BB95-005F-4637-898C-A6832F234154}.Release|Any CPU.Build.0 = Release|Any CPU
		{1F2F59B8-AE74-43E4-AD50-990B296A4785}.Debug|Any CPU.ActiveCfg = Debug|Any CPU
		{1F2F59B8-AE74-43E4-AD50-990B296A4785}.Debug|Any CPU.Build.0 = Debug|Any CPU
		{1F2F59B8-AE74-43E4-AD50-990B296A4785}.Release|Any CPU.ActiveCfg = Release|Any CPU
		{1F2F59B8-AE74-43E4-AD50-990B296A4785}.Release|Any CPU.Build.0 = Release|Any CPU
		{E7F6B0FF-FF65-44BE-8359-4456D9C625A2}.Debug|Any CPU.ActiveCfg = Debug|Any CPU
		{E7F6B0FF-FF65-44BE-8359-4456D9C625A2}.Debug|Any CPU.Build.0 = Debug|Any CPU
		{E7F6B0FF-FF65-44BE-8359-4456D9C625A2}.Release|Any CPU.ActiveCfg = Release|Any CPU
		{E7F6B0FF-FF65-44BE-8359-4456D9C625A2}.Release|Any CPU.Build.0 = Release|Any CPU
		{3754FF9E-9BAB-4547-A63B-A10F650F1B8E}.Debug|Any CPU.ActiveCfg = Debug|Any CPU
		{3754FF9E-9BAB-4547-A63B-A10F650F1B8E}.Debug|Any CPU.Build.0 = Debug|Any CPU
		{3754FF9E-9BAB-4547-A63B-A10F650F1B8E}.Release|Any CPU.ActiveCfg = Release|Any CPU
		{3754FF9E-9BAB-4547-A63B-A10F650F1B8E}.Release|Any CPU.Build.0 = Release|Any CPU
		{58A67208-030E-4255-8557-B6982E1C2979}.Debug|Any CPU.ActiveCfg = Debug|Any CPU
		{58A67208-030E-4255-8557-B6982E1C2979}.Debug|Any CPU.Build.0 = Debug|Any CPU
		{58A67208-030E-4255-8557-B6982E1C2979}.Release|Any CPU.ActiveCfg = Release|Any CPU
		{58A67208-030E-4255-8557-B6982E1C2979}.Release|Any CPU.Build.0 = Release|Any CPU
		{42EAF22D-E56B-4A2C-B4C7-049707B84BAA}.Debug|Any CPU.ActiveCfg = Debug|Any CPU
		{42EAF22D-E56B-4A2C-B4C7-049707B84BAA}.Debug|Any CPU.Build.0 = Debug|Any CPU
		{42EAF22D-E56B-4A2C-B4C7-049707B84BAA}.Release|Any CPU.ActiveCfg = Release|Any CPU
		{42EAF22D-E56B-4A2C-B4C7-049707B84BAA}.Release|Any CPU.Build.0 = Release|Any CPU
		{C8E0BFE5-FEDE-4493-BEA6-4D66915334D0}.Debug|Any CPU.ActiveCfg = Debug|Any CPU
		{C8E0BFE5-FEDE-4493-BEA6-4D66915334D0}.Debug|Any CPU.Build.0 = Debug|Any CPU
		{C8E0BFE5-FEDE-4493-BEA6-4D66915334D0}.Release|Any CPU.ActiveCfg = Release|Any CPU
		{C8E0BFE5-FEDE-4493-BEA6-4D66915334D0}.Release|Any CPU.Build.0 = Release|Any CPU
		{FDDCDA61-2F05-474E-B828-B42643A022A4}.Debug|Any CPU.ActiveCfg = Debug|Any CPU
		{FDDCDA61-2F05-474E-B828-B42643A022A4}.Debug|Any CPU.Build.0 = Debug|Any CPU
		{FDDCDA61-2F05-474E-B828-B42643A022A4}.Release|Any CPU.ActiveCfg = Release|Any CPU
		{FDDCDA61-2F05-474E-B828-B42643A022A4}.Release|Any CPU.Build.0 = Release|Any CPU
		{E5F66B37-3ED7-49E8-9568-D4AD3572B2C0}.Debug|Any CPU.ActiveCfg = Debug|Any CPU
		{E5F66B37-3ED7-49E8-9568-D4AD3572B2C0}.Debug|Any CPU.Build.0 = Debug|Any CPU
		{E5F66B37-3ED7-49E8-9568-D4AD3572B2C0}.Release|Any CPU.ActiveCfg = Release|Any CPU
		{E5F66B37-3ED7-49E8-9568-D4AD3572B2C0}.Release|Any CPU.Build.0 = Release|Any CPU
		{D1139FED-D44E-495D-BB46-C95BEE5FDC70}.Debug|Any CPU.ActiveCfg = Debug|Any CPU
		{D1139FED-D44E-495D-BB46-C95BEE5FDC70}.Debug|Any CPU.Build.0 = Debug|Any CPU
		{D1139FED-D44E-495D-BB46-C95BEE5FDC70}.Release|Any CPU.ActiveCfg = Release|Any CPU
		{D1139FED-D44E-495D-BB46-C95BEE5FDC70}.Release|Any CPU.Build.0 = Release|Any CPU
		{F359E49E-9127-4537-BC00-EAB9AC05AAED}.Debug|Any CPU.ActiveCfg = Debug|Any CPU
		{F359E49E-9127-4537-BC00-EAB9AC05AAED}.Debug|Any CPU.Build.0 = Debug|Any CPU
		{F359E49E-9127-4537-BC00-EAB9AC05AAED}.Release|Any CPU.ActiveCfg = Release|Any CPU
		{F359E49E-9127-4537-BC00-EAB9AC05AAED}.Release|Any CPU.Build.0 = Release|Any CPU
		{27F6E5D7-2560-4260-B440-BD66F425287D}.Debug|Any CPU.ActiveCfg = Debug|Any CPU
		{27F6E5D7-2560-4260-B440-BD66F425287D}.Debug|Any CPU.Build.0 = Debug|Any CPU
		{27F6E5D7-2560-4260-B440-BD66F425287D}.Release|Any CPU.ActiveCfg = Release|Any CPU
		{27F6E5D7-2560-4260-B440-BD66F425287D}.Release|Any CPU.Build.0 = Release|Any CPU
		{CD363C68-9ECD-47AF-A68A-CAFEC9FBDB49}.Debug|Any CPU.ActiveCfg = Debug|Any CPU
		{CD363C68-9ECD-47AF-A68A-CAFEC9FBDB49}.Debug|Any CPU.Build.0 = Debug|Any CPU
		{CD363C68-9ECD-47AF-A68A-CAFEC9FBDB49}.Release|Any CPU.ActiveCfg = Release|Any CPU
		{CD363C68-9ECD-47AF-A68A-CAFEC9FBDB49}.Release|Any CPU.Build.0 = Release|Any CPU
		{A8F7F604-E330-4358-9C69-AF6C52AA6640}.Debug|Any CPU.ActiveCfg = Debug|Any CPU
		{A8F7F604-E330-4358-9C69-AF6C52AA6640}.Debug|Any CPU.Build.0 = Debug|Any CPU
		{A8F7F604-E330-4358-9C69-AF6C52AA6640}.Release|Any CPU.ActiveCfg = Release|Any CPU
		{A8F7F604-E330-4358-9C69-AF6C52AA6640}.Release|Any CPU.Build.0 = Release|Any CPU
		{00CB3D26-2C4F-446F-AB25-26E14CA5D41B}.Debug|Any CPU.ActiveCfg = Debug|Any CPU
		{00CB3D26-2C4F-446F-AB25-26E14CA5D41B}.Debug|Any CPU.Build.0 = Debug|Any CPU
		{00CB3D26-2C4F-446F-AB25-26E14CA5D41B}.Release|Any CPU.ActiveCfg = Release|Any CPU
		{00CB3D26-2C4F-446F-AB25-26E14CA5D41B}.Release|Any CPU.Build.0 = Release|Any CPU
	EndGlobalSection
	GlobalSection(SolutionProperties) = preSolution
		HideSolutionNode = FALSE
	EndGlobalSection
	GlobalSection(NestedProjects) = preSolution
		{6762EBAC-838C-4AA8-8857-8A4885BF1604} = {CAD164AA-CA1E-439D-AE9A-4043EACDAC97}
		{B0872BDB-7548-4FD3-B5DD-757133CBEF6D} = {CAD164AA-CA1E-439D-AE9A-4043EACDAC97}
		{218E27E0-FC2F-400A-96F5-CCAD17018EAE} = {CAD164AA-CA1E-439D-AE9A-4043EACDAC97}
		{CDF277E2-39BA-430C-8C0E-9A62C3025959} = {CAD164AA-CA1E-439D-AE9A-4043EACDAC97}
		{3F617EEB-7E75-4B91-85C7-A92C8C78E698} = {CAD164AA-CA1E-439D-AE9A-4043EACDAC97}
		{113CF4CA-8FD6-4531-B5D9-3974376EBF50} = {CAD164AA-CA1E-439D-AE9A-4043EACDAC97}
		{C25F6678-E576-4A56-97E3-BC16182C78DC} = {CAD164AA-CA1E-439D-AE9A-4043EACDAC97}
		{A1F8173E-3F36-4183-9611-738CB8F1BED5} = {CAD164AA-CA1E-439D-AE9A-4043EACDAC97}
		{DBA299B9-5E46-4677-930C-C7FACED0ADA8} = {CAD164AA-CA1E-439D-AE9A-4043EACDAC97}
		{2D0005CB-5267-4A0E-BC3B-00454F444B56} = {CAD164AA-CA1E-439D-AE9A-4043EACDAC97}
		{85BA88BC-C926-4327-AAD3-1D2FFCD98C4A} = {CAD164AA-CA1E-439D-AE9A-4043EACDAC97}
		{09614828-9EA5-41D5-8CD9-BAA13B880599} = {CAD164AA-CA1E-439D-AE9A-4043EACDAC97}
		{D5B97F6A-70E8-4F3F-93C1-E0076A4C642A} = {CAD164AA-CA1E-439D-AE9A-4043EACDAC97}
		{AD273E06-F3B7-411F-B4B6-B5B91F51B108} = {CAD164AA-CA1E-439D-AE9A-4043EACDAC97}
		{C1730B99-519A-435F-9DE5-AA36E2E13316} = {CAD164AA-CA1E-439D-AE9A-4043EACDAC97}
		{B92B0E1E-67BA-46BB-A673-88F70509C69A} = {CAD164AA-CA1E-439D-AE9A-4043EACDAC97}
		{32C1DF50-2E9D-49A1-A705-E934313DB34C} = {CAD164AA-CA1E-439D-AE9A-4043EACDAC97}
		{11324D65-D548-4A5A-BED2-FEC1C71AD6B7} = {CAD164AA-CA1E-439D-AE9A-4043EACDAC97}
		{E3C803E3-40AD-41F1-A98D-6E83303F8AD3} = {CAD164AA-CA1E-439D-AE9A-4043EACDAC97}
		{FB7DB704-3073-49CF-8D50-57D49CAAD380} = {CAD164AA-CA1E-439D-AE9A-4043EACDAC97}
		{440D8B66-C13C-4577-AB7A-E7AF593E446B} = {CAD164AA-CA1E-439D-AE9A-4043EACDAC97}
		{EF2FE153-A211-4580-8E39-FAD45D41B659} = {CAD164AA-CA1E-439D-AE9A-4043EACDAC97}
		{6B3994C7-CF23-41E3-9049-591E63A6D2B9} = {CAD164AA-CA1E-439D-AE9A-4043EACDAC97}
		{6587FD45-82CA-4CB9-B3A7-15683A853DA0} = {CAD164AA-CA1E-439D-AE9A-4043EACDAC97}
		{C3D9E3FC-FE77-4870-BE9F-9592AE0710DE} = {CAD164AA-CA1E-439D-AE9A-4043EACDAC97}
		{24412838-287C-4DA1-97F2-7414514D9BA7} = {6344FC61-199E-4B07-B497-3C12DBEFEE23}
		{2F1ADD0C-64D7-4A0B-9AE1-E63AE301D93C} = {6344FC61-199E-4B07-B497-3C12DBEFEE23}
		{09217C28-DFDD-4756-8F6E-8571CD8C1C2E} = {691CD62D-A8A2-4DEA-A926-7BEE71C34892}
		{E9C41831-749F-4D1C-9E56-5AD834F2E6CA} = {691CD62D-A8A2-4DEA-A926-7BEE71C34892}
		{6EBAE315-69F4-4DD0-ADAB-99ACC644380B} = {113CF4CA-8FD6-4531-B5D9-3974376EBF50}
		{322CA9AB-96B8-4111-9819-F535388BBD3F} = {B92B0E1E-67BA-46BB-A673-88F70509C69A}
		{6EDCB6F0-99BB-4C58-926E-599C1AC2D4B5} = {85BA88BC-C926-4327-AAD3-1D2FFCD98C4A}
		{DC481C23-8A1A-4364-AE8E-6743121320BC} = {85BA88BC-C926-4327-AAD3-1D2FFCD98C4A}
		{9871E528-DF12-476F-ACAC-AFEFD61D6059} = {09614828-9EA5-41D5-8CD9-BAA13B880599}
		{081961F2-7672-4346-9291-3848C6A7D428} = {09614828-9EA5-41D5-8CD9-BAA13B880599}
		{2F226874-E742-429E-AAC6-F700ACD5F531} = {C25F6678-E576-4A56-97E3-BC16182C78DC}
		{388AD994-5238-4002-AE8D-3059795E396D} = {C25F6678-E576-4A56-97E3-BC16182C78DC}
		{376EAC96-4814-4C9E-82C0-FEE2F9B78186} = {218E27E0-FC2F-400A-96F5-CCAD17018EAE}
		{E01BA99F-D6B8-47E4-A4A4-140319A1EA9B} = {218E27E0-FC2F-400A-96F5-CCAD17018EAE}
		{39C13774-83FF-4822-BE57-06280D1DF117} = {C1730B99-519A-435F-9DE5-AA36E2E13316}
		{65C82F9C-4361-4D88-BD35-05A491CDA3EE} = {AD273E06-F3B7-411F-B4B6-B5B91F51B108}
		{5D043A9B-6756-4B49-81CB-4B5F3A1491A1} = {AD273E06-F3B7-411F-B4B6-B5B91F51B108}
		{DB61ACA5-0C27-45D8-B6FA-7119301874E8} = {AD273E06-F3B7-411F-B4B6-B5B91F51B108}
		{15FF1EFF-A96C-4AE7-A1F3-54956ED21D04} = {D5B97F6A-70E8-4F3F-93C1-E0076A4C642A}
		{C305D6EF-D3A4-4D02-BA95-2F0CCACA540E} = {D5B97F6A-70E8-4F3F-93C1-E0076A4C642A}
		{6C9DB29F-E6BF-4EBF-9EA6-B381DC0F7C67} = {DBA299B9-5E46-4677-930C-C7FACED0ADA8}
		{6D8B1634-7D64-4CB1-BFEA-341E8A6E9595} = {DBA299B9-5E46-4677-930C-C7FACED0ADA8}
		{2781EA24-CB53-4783-B704-384CB9D25D6D} = {C1730B99-519A-435F-9DE5-AA36E2E13316}
		{9A9BB2B3-EAE1-4A17-A44C-71EC3C6ECBDF} = {B0872BDB-7548-4FD3-B5DD-757133CBEF6D}
		{0B8AF213-62AD-4B25-8062-7B05DD35818A} = {3F617EEB-7E75-4B91-85C7-A92C8C78E698}
		{10FB8D4F-1DCA-46C2-BA5F-FD29CC40C19D} = {B92B0E1E-67BA-46BB-A673-88F70509C69A}
		{8F01F5C6-5889-4B0D-A756-04925BE2CA6A} = {32C1DF50-2E9D-49A1-A705-E934313DB34C}
		{ECE6BCB5-5421-468A-BCF6-D8EF41313191} = {32C1DF50-2E9D-49A1-A705-E934313DB34C}
		{C641CE82-49E2-4E5E-B1D5-BEB785975698} = {11324D65-D548-4A5A-BED2-FEC1C71AD6B7}
		{E5EC1986-D0F5-479E-86DE-D74EE2C0EF98} = {E3C803E3-40AD-41F1-A98D-6E83303F8AD3}
		{08E20E0D-0CFE-4C47-B327-FDF6A2388BA3} = {E3C803E3-40AD-41F1-A98D-6E83303F8AD3}
		{6389D209-C636-4C55-8A80-98529E97074E} = {FB7DB704-3073-49CF-8D50-57D49CAAD380}
		{920ADA27-C89C-4406-82F5-B5C65483C6B2} = {FB7DB704-3073-49CF-8D50-57D49CAAD380}
		{A9E4BF44-2ACA-4159-A80E-C8A040421BA1} = {440D8B66-C13C-4577-AB7A-E7AF593E446B}
		{61487696-25BA-4901-8FB5-F90986D8CC3F} = {440D8B66-C13C-4577-AB7A-E7AF593E446B}
		{CBD58640-1C4F-4CC5-807A-A852D12877E6} = {A1F8173E-3F36-4183-9611-738CB8F1BED5}
		{3FA4BBD3-148D-4436-AA70-892B4207F1ED} = {A1F8173E-3F36-4183-9611-738CB8F1BED5}
		{2716BC93-1008-482D-B0FA-603222E7A120} = {2D0005CB-5267-4A0E-BC3B-00454F444B56}
		{EC53AAA1-854F-46E8-B8FF-BA45B1F65747} = {2D0005CB-5267-4A0E-BC3B-00454F444B56}
		{A60D351C-7BC1-40CD-8516-4CBA7A0A0CC2} = {6762EBAC-838C-4AA8-8857-8A4885BF1604}
		{849ED519-53A3-4FF1-8A90-367E72CB5CC2} = {6762EBAC-838C-4AA8-8857-8A4885BF1604}
		{02B2CBF4-CF58-4C9E-849A-A955535E5ECC} = {6B3994C7-CF23-41E3-9049-591E63A6D2B9}
		{C3DEAFFF-1809-4F58-8287-929149D0C3A4} = {6B3994C7-CF23-41E3-9049-591E63A6D2B9}
		{0E7F3BEE-FBD1-4ED7-BB5C-FEC42AD421D5} = {EF2FE153-A211-4580-8E39-FAD45D41B659}
		{2795850C-48C2-4636-A433-70770FABD537} = {EF2FE153-A211-4580-8E39-FAD45D41B659}
		{37F3C725-3F3E-4BEF-B69D-4FCC3686F06B} = {C3D9E3FC-FE77-4870-BE9F-9592AE0710DE}
		{15777A7B-C39F-4215-B384-AC9E7E5558D9} = {C3D9E3FC-FE77-4870-BE9F-9592AE0710DE}
		{D4FD1F48-66A6-4B80-81DE-FA6BCE32DAA1} = {6587FD45-82CA-4CB9-B3A7-15683A853DA0}
		{02B6A7E1-C691-4006-804E-C152FAB9625E} = {6587FD45-82CA-4CB9-B3A7-15683A853DA0}
		{419A5B8F-9F48-4552-9B2F-B74E31E37FEB} = {CAD164AA-CA1E-439D-AE9A-4043EACDAC97}
		{ADB3BB95-005F-4637-898C-A6832F234154} = {419A5B8F-9F48-4552-9B2F-B74E31E37FEB}
		{1F2F59B8-AE74-43E4-AD50-990B296A4785} = {B0872BDB-7548-4FD3-B5DD-757133CBEF6D}
		{E7F6B0FF-FF65-44BE-8359-4456D9C625A2} = {3F617EEB-7E75-4B91-85C7-A92C8C78E698}
		{3754FF9E-9BAB-4547-A63B-A10F650F1B8E} = {CAD164AA-CA1E-439D-AE9A-4043EACDAC97}
		{CC4B3B78-ADF3-4113-9914-02A841ADA743} = {CAD164AA-CA1E-439D-AE9A-4043EACDAC97}
		{42EAF22D-E56B-4A2C-B4C7-049707B84BAA} = {CC4B3B78-ADF3-4113-9914-02A841ADA743}
		{C8E0BFE5-FEDE-4493-BEA6-4D66915334D0} = {CC4B3B78-ADF3-4113-9914-02A841ADA743}
		{994BA404-5092-44B2-8809-0BA6CE98BD22} = {CAD164AA-CA1E-439D-AE9A-4043EACDAC97}
		{FDDCDA61-2F05-474E-B828-B42643A022A4} = {994BA404-5092-44B2-8809-0BA6CE98BD22}
		{E5F66B37-3ED7-49E8-9568-D4AD3572B2C0} = {994BA404-5092-44B2-8809-0BA6CE98BD22}
		{D1139FED-D44E-495D-BB46-C95BEE5FDC70} = {994BA404-5092-44B2-8809-0BA6CE98BD22}
		{F359E49E-9127-4537-BC00-EAB9AC05AAED} = {994BA404-5092-44B2-8809-0BA6CE98BD22}
		{27F6E5D7-2560-4260-B440-BD66F425287D} = {CC4B3B78-ADF3-4113-9914-02A841ADA743}
		{BA2F5B2A-A0B5-465C-B56B-BE62CCD551A5} = {CAD164AA-CA1E-439D-AE9A-4043EACDAC97}
		{CD363C68-9ECD-47AF-A68A-CAFEC9FBDB49} = {BA2F5B2A-A0B5-465C-B56B-BE62CCD551A5}
		{5914E530-2EF4-4241-BCD2-A5B94EAA2EA5} = {CAD164AA-CA1E-439D-AE9A-4043EACDAC97}
		{00CB3D26-2C4F-446F-AB25-26E14CA5D41B} = {5914E530-2EF4-4241-BCD2-A5B94EAA2EA5}
	EndGlobalSection
EndGlobal
